
Microsoft Visual Studio Solution File, Format Version 12.00
# Visual Studio Version 16
VisualStudioVersion = 16.0.31129.286
MinimumVisualStudioVersion = 10.0.40219.1
Project("{FAE04EC0-301F-11D3-BF4B-00C04F79EFBC}") = "shoppingCart", "shoppingCart.csproj", "{67B4E030-BFB2-4008-9917-2EE88285719F}"
EndProject
Global
	GlobalSection(SolutionConfigurationPlatforms) = preSolution
		Debug|Any CPU = Debug|Any CPU
		Release|Any CPU = Release|Any CPU
	EndGlobalSection
	GlobalSection(ProjectConfigurationPlatforms) = postSolution
		{67B4E030-BFB2-4008-9917-2EE88285719F}.Debug|Any CPU.ActiveCfg = Debug|Any CPU
		{67B4E030-BFB2-4008-9917-2EE88285719F}.Debug|Any CPU.Build.0 = Debug|Any CPU
		{67B4E030-BFB2-4008-9917-2EE88285719F}.Release|Any CPU.ActiveCfg = Release|Any CPU
		{67B4E030-BFB2-4008-9917-2EE88285719F}.Release|Any CPU.Build.0 = Release|Any CPU
	EndGlobalSection
	GlobalSection(SolutionProperties) = preSolution
		HideSolutionNode = FALSE
	EndGlobalSection
	GlobalSection(ExtensibilityGlobals) = postSolution
		SolutionGuid = {BFD07E93-6B3E-447A-85E3-05C04D559845}
	EndGlobalSection
EndGlobal
